// !$*UTF8*$!
{
	archiveVersion = 1;
	classes = {
	};
	objectVersion = 46;
	objects = {

/* Begin PBXAggregateTarget section */
		A1076B68199D279D00E452CB /* Documentation */ = {
			isa = PBXAggregateTarget;
			buildConfigurationList = A1076B69199D279D00E452CB /* Build configuration list for PBXAggregateTarget "Documentation" */;
			buildPhases = (
				A1076B6C199D27C100E452CB /* Run Script */,
			);
			dependencies = (
			);
			name = Documentation;
			productName = Documentation;
		};
/* End PBXAggregateTarget section */

/* Begin PBXBuildFile section */
		A107064E19AFA72700AC7AC3 /* TrBasicAnimation.h in Headers */ = {isa = PBXBuildFile; fileRef = A11C789517883BD20000B420 /* TrBasicAnimation.h */; settings = {ATTRIBUTES = (Public, ); }; };
		A10A32A918E2DB5B000D4B49 /* TrLayerAnimation.m in Sources */ = {isa = PBXBuildFile; fileRef = A10A32A818E2DB5B000D4B49 /* TrLayerAnimation.m */; };
		A10D78DA19A279530013E5F5 /* TrCurve.h in Headers */ = {isa = PBXBuildFile; fileRef = A10D78D819A279530013E5F5 /* TrCurve.h */; settings = {ATTRIBUTES = (Public, ); }; };
		A10D78DB19A279530013E5F5 /* TrCurve.m in Sources */ = {isa = PBXBuildFile; fileRef = A10D78D919A279530013E5F5 /* TrCurve.m */; };
		A10D78DC19A279530013E5F5 /* TrCurve.m in Sources */ = {isa = PBXBuildFile; fileRef = A10D78D919A279530013E5F5 /* TrCurve.m */; };
		A1145CFB194EFA7D001B0108 /* NSValue+TrAnimateAdditions.m in Sources */ = {isa = PBXBuildFile; fileRef = A11C789B17883BE70000B420 /* NSValue+TrAnimateAdditions.m */; };
		A1145CFC194EFA7D001B0108 /* NSNumber+TrAnimateAdditions.m in Sources */ = {isa = PBXBuildFile; fileRef = A11C789D17883BE70000B420 /* NSNumber+TrAnimateAdditions.m */; };
		A1145CFD194EFA7D001B0108 /* TrBasicAnimation.m in Sources */ = {isa = PBXBuildFile; fileRef = A11C789617883BD20000B420 /* TrBasicAnimation.m */; };
		A1145D01194EFA7D001B0108 /* TrAnimationGroup.m in Sources */ = {isa = PBXBuildFile; fileRef = A11C788417883B7D0000B420 /* TrAnimationGroup.m */; };
		A1145D02194EFA7D001B0108 /* UIView+TrAnimateAdditions.m in Sources */ = {isa = PBXBuildFile; fileRef = A1E6EAA01913B55300E4F179 /* UIView+TrAnimateAdditions.m */; };
		A1145D03194EFA7D001B0108 /* CALayer+TrAnimateAdditions.m in Sources */ = {isa = PBXBuildFile; fileRef = A1E6EAA31913B5CE00E4F179 /* CALayer+TrAnimateAdditions.m */; };
		A1145D04194EFA7D001B0108 /* TrOpacityAnimation.m in Sources */ = {isa = PBXBuildFile; fileRef = A11C787617883B050000B420 /* TrOpacityAnimation.m */; };
		A1145D05194EFA7D001B0108 /* TrPositionAnimation.m in Sources */ = {isa = PBXBuildFile; fileRef = A11C787117883AE60000B420 /* TrPositionAnimation.m */; };
		A1145D06194EFA7D001B0108 /* TrScaleAnimation.m in Sources */ = {isa = PBXBuildFile; fileRef = A11C787A17883B260000B420 /* TrScaleAnimation.m */; };
		A1145D07194EFA7D001B0108 /* TrRotateAnimation.m in Sources */ = {isa = PBXBuildFile; fileRef = A11C788017883B430000B420 /* TrRotateAnimation.m */; };
		A1145D08194EFA7D001B0108 /* TrLayerAnimation.m in Sources */ = {isa = PBXBuildFile; fileRef = A10A32A818E2DB5B000D4B49 /* TrLayerAnimation.m */; };
		A1145D09194EFA7D001B0108 /* TrDirectAnimation.m in Sources */ = {isa = PBXBuildFile; fileRef = A1E6EA941912D98600E4F179 /* TrDirectAnimation.m */; };
		A1145D0B194EFAE8001B0108 /* TrAnimate.h in Headers */ = {isa = PBXBuildFile; fileRef = A10BC9A217883E9800F354FC /* TrAnimate.h */; settings = {ATTRIBUTES = (Public, ); }; };
		A1145D0E194EFB06001B0108 /* UIView+TrAnimateAdditions.h in Headers */ = {isa = PBXBuildFile; fileRef = A1E6EA9F1913B55300E4F179 /* UIView+TrAnimateAdditions.h */; settings = {ATTRIBUTES = (Public, ); }; };
		A1145D0F194EFB06001B0108 /* CALayer+TrAnimateAdditions.h in Headers */ = {isa = PBXBuildFile; fileRef = A1E6EAA21913B5CE00E4F179 /* CALayer+TrAnimateAdditions.h */; settings = {ATTRIBUTES = (Public, ); }; };
		A1145D12194EFB31001B0108 /* TrAnimationGroup.h in Headers */ = {isa = PBXBuildFile; fileRef = A11C788317883B7D0000B420 /* TrAnimationGroup.h */; settings = {ATTRIBUTES = (Public, ); }; };
		A1145D13194EFB31001B0108 /* TrOpacityAnimation.h in Headers */ = {isa = PBXBuildFile; fileRef = A11C787517883B050000B420 /* TrOpacityAnimation.h */; settings = {ATTRIBUTES = (Public, ); }; };
		A1145D14194EFB31001B0108 /* TrPositionAnimation.h in Headers */ = {isa = PBXBuildFile; fileRef = A11C787017883AE60000B420 /* TrPositionAnimation.h */; settings = {ATTRIBUTES = (Public, ); }; };
		A1145D15194EFB31001B0108 /* TrScaleAnimation.h in Headers */ = {isa = PBXBuildFile; fileRef = A11C787917883B260000B420 /* TrScaleAnimation.h */; settings = {ATTRIBUTES = (Public, ); }; };
		A1145D16194EFB31001B0108 /* TrRotateAnimation.h in Headers */ = {isa = PBXBuildFile; fileRef = A11C787F17883B430000B420 /* TrRotateAnimation.h */; settings = {ATTRIBUTES = (Public, ); }; };
		A1145D17194EFB31001B0108 /* TrLayerAnimation.h in Headers */ = {isa = PBXBuildFile; fileRef = A10A32A718E2DB5B000D4B49 /* TrLayerAnimation.h */; settings = {ATTRIBUTES = (Public, ); }; };
		A1145D18194EFB31001B0108 /* TrDirectAnimation.h in Headers */ = {isa = PBXBuildFile; fileRef = A1E6EA931912D98600E4F179 /* TrDirectAnimation.h */; settings = {ATTRIBUTES = (Public, ); }; };
		A1145D19194EFB31001B0108 /* TrAnimation.h in Headers */ = {isa = PBXBuildFile; fileRef = A11C7867178839FA0000B420 /* TrAnimation.h */; settings = {ATTRIBUTES = (Public, ); }; };
		A119305C19B71FAB00AEBE95 /* UIView+TrFadeAnimationAdditions.h in Headers */ = {isa = PBXBuildFile; fileRef = A119305A19B71FAB00AEBE95 /* UIView+TrFadeAnimationAdditions.h */; settings = {ATTRIBUTES = (Public, ); }; };
		A119305D19B71FAB00AEBE95 /* UIView+TrFadeAnimationAdditions.m in Sources */ = {isa = PBXBuildFile; fileRef = A119305B19B71FAB00AEBE95 /* UIView+TrFadeAnimationAdditions.m */; };
		A119305E19B71FAB00AEBE95 /* UIView+TrFadeAnimationAdditions.m in Sources */ = {isa = PBXBuildFile; fileRef = A119305B19B71FAB00AEBE95 /* UIView+TrFadeAnimationAdditions.m */; };
		A11C7857178839720000B420 /* Foundation.framework in Frameworks */ = {isa = PBXBuildFile; fileRef = A11C7856178839720000B420 /* Foundation.framework */; };
		A11C787217883AE60000B420 /* TrPositionAnimation.m in Sources */ = {isa = PBXBuildFile; fileRef = A11C787117883AE60000B420 /* TrPositionAnimation.m */; };
		A11C787B17883B2A0000B420 /* TrOpacityAnimation.m in Sources */ = {isa = PBXBuildFile; fileRef = A11C787617883B050000B420 /* TrOpacityAnimation.m */; };
		A11C787D17883B2A0000B420 /* TrScaleAnimation.m in Sources */ = {isa = PBXBuildFile; fileRef = A11C787A17883B260000B420 /* TrScaleAnimation.m */; };
		A11C788117883B450000B420 /* TrRotateAnimation.m in Sources */ = {isa = PBXBuildFile; fileRef = A11C788017883B430000B420 /* TrRotateAnimation.m */; };
		A11C788517883B7F0000B420 /* TrAnimationGroup.m in Sources */ = {isa = PBXBuildFile; fileRef = A11C788417883B7D0000B420 /* TrAnimationGroup.m */; };
		A11C789717883BD20000B420 /* TrBasicAnimation.m in Sources */ = {isa = PBXBuildFile; fileRef = A11C789617883BD20000B420 /* TrBasicAnimation.m */; };
		A11C789E17883BE70000B420 /* NSValue+TrAnimateAdditions.m in Sources */ = {isa = PBXBuildFile; fileRef = A11C789B17883BE70000B420 /* NSValue+TrAnimateAdditions.m */; };
		A11C789F17883BE70000B420 /* NSNumber+TrAnimateAdditions.m in Sources */ = {isa = PBXBuildFile; fileRef = A11C789D17883BE70000B420 /* NSNumber+TrAnimateAdditions.m */; };
		A11C78A117883C070000B420 /* QuartzCore.framework in Frameworks */ = {isa = PBXBuildFile; fileRef = A11C78A017883C070000B420 /* QuartzCore.framework */; };
		A11C78A317883C120000B420 /* UIKit.framework in Frameworks */ = {isa = PBXBuildFile; fileRef = A11C78A217883C120000B420 /* UIKit.framework */; };
		A12886FF19B1F4FB0093AD13 /* TrPopInAnimation.h in Headers */ = {isa = PBXBuildFile; fileRef = A12886FD19B1F4FB0093AD13 /* TrPopInAnimation.h */; settings = {ATTRIBUTES = (Public, ); }; };
		A128870019B1F4FB0093AD13 /* TrPopInAnimation.m in Sources */ = {isa = PBXBuildFile; fileRef = A12886FE19B1F4FB0093AD13 /* TrPopInAnimation.m */; };
		A128870119B1F4FB0093AD13 /* TrPopInAnimation.m in Sources */ = {isa = PBXBuildFile; fileRef = A12886FE19B1F4FB0093AD13 /* TrPopInAnimation.m */; };
		A162BCEC19B4A16300D5B019 /* UIColor+TrAnimateAdditions.h in Headers */ = {isa = PBXBuildFile; fileRef = A162BCEA19B4A16300D5B019 /* UIColor+TrAnimateAdditions.h */; settings = {ATTRIBUTES = (Public, ); }; };
		A162BCED19B4A16300D5B019 /* UIColor+TrAnimateAdditions.m in Sources */ = {isa = PBXBuildFile; fileRef = A162BCEB19B4A16300D5B019 /* UIColor+TrAnimateAdditions.m */; };
		A162BCEE19B4B7CF00D5B019 /* NSObject+TrAnimateAdditions.m in Sources */ = {isa = PBXBuildFile; fileRef = A1A2E47719B48EE200CEAE48 /* NSObject+TrAnimateAdditions.m */; };
		A162BCEF19B4B7D200D5B019 /* UIColor+TrAnimateAdditions.m in Sources */ = {isa = PBXBuildFile; fileRef = A162BCEB19B4A16300D5B019 /* UIColor+TrAnimateAdditions.m */; };
		A162BCF019B4B7D500D5B019 /* NSObject+TrAnimationsAddition.m in Sources */ = {isa = PBXBuildFile; fileRef = A1A2E47D19B4998E00CEAE48 /* NSObject+TrAnimationsAddition.m */; };
		A162BCF919B4D5C400D5B019 /* TrMoveInAnimation.h in Headers */ = {isa = PBXBuildFile; fileRef = A162BCF719B4D5C400D5B019 /* TrMoveInAnimation.h */; settings = {ATTRIBUTES = (Public, ); }; };
		A162BCFA19B4D5C400D5B019 /* TrMoveInAnimation.m in Sources */ = {isa = PBXBuildFile; fileRef = A162BCF819B4D5C400D5B019 /* TrMoveInAnimation.m */; };
		A162BD0419B4DD6E00D5B019 /* TrMoveInAnimation.m in Sources */ = {isa = PBXBuildFile; fileRef = A162BCF819B4D5C400D5B019 /* TrMoveInAnimation.m */; };
		A1876C2119A6712800C1639A /* NSValue+TrAnimateAdditions.h in Headers */ = {isa = PBXBuildFile; fileRef = A11C789A17883BE70000B420 /* NSValue+TrAnimateAdditions.h */; settings = {ATTRIBUTES = (Public, ); }; };
		A1876C2219A6712C00C1639A /* NSNumber+TrAnimateAdditions.h in Headers */ = {isa = PBXBuildFile; fileRef = A11C789C17883BE70000B420 /* NSNumber+TrAnimateAdditions.h */; settings = {ATTRIBUTES = (Public, ); }; };
		A1876C2319A6713100C1639A /* TrInterpolatable.h in Headers */ = {isa = PBXBuildFile; fileRef = A11C789917883BE70000B420 /* TrInterpolatable.h */; settings = {ATTRIBUTES = (Public, ); }; };
		A1876C2419A6714200C1639A /* TrAnimatable.h in Headers */ = {isa = PBXBuildFile; fileRef = A10D78AC19A274C40013E5F5 /* TrAnimatable.h */; settings = {ATTRIBUTES = (Public, ); }; };
		A1876C2719A6753300C1639A /* TrFadeAnimation.h in Headers */ = {isa = PBXBuildFile; fileRef = A1876C2519A6753300C1639A /* TrFadeAnimation.h */; settings = {ATTRIBUTES = (Public, ); }; };
		A1876C2819A6753300C1639A /* TrFadeAnimation.m in Sources */ = {isa = PBXBuildFile; fileRef = A1876C2619A6753300C1639A /* TrFadeAnimation.m */; };
		A1876C2919A6753300C1639A /* TrFadeAnimation.m in Sources */ = {isa = PBXBuildFile; fileRef = A1876C2619A6753300C1639A /* TrFadeAnimation.m */; };
		A1A2E47819B48EE200CEAE48 /* NSObject+TrAnimateAdditions.h in Headers */ = {isa = PBXBuildFile; fileRef = A1A2E47619B48EE200CEAE48 /* NSObject+TrAnimateAdditions.h */; };
		A1A2E47919B48EE200CEAE48 /* NSObject+TrAnimateAdditions.m in Sources */ = {isa = PBXBuildFile; fileRef = A1A2E47719B48EE200CEAE48 /* NSObject+TrAnimateAdditions.m */; };
		A1A2E47E19B4998E00CEAE48 /* NSObject+TrAnimationsAddition.h in Headers */ = {isa = PBXBuildFile; fileRef = A1A2E47C19B4998E00CEAE48 /* NSObject+TrAnimationsAddition.h */; };
		A1A2E47F19B4998E00CEAE48 /* NSObject+TrAnimationsAddition.m in Sources */ = {isa = PBXBuildFile; fileRef = A1A2E47D19B4998E00CEAE48 /* NSObject+TrAnimationsAddition.m */; };
		A1E6EA951912D98600E4F179 /* TrDirectAnimation.m in Sources */ = {isa = PBXBuildFile; fileRef = A1E6EA941912D98600E4F179 /* TrDirectAnimation.m */; };
		A1E6EAA11913B55300E4F179 /* UIView+TrAnimateAdditions.m in Sources */ = {isa = PBXBuildFile; fileRef = A1E6EAA01913B55300E4F179 /* UIView+TrAnimateAdditions.m */; };
		A1E6EAA41913B5CE00E4F179 /* CALayer+TrAnimateAdditions.m in Sources */ = {isa = PBXBuildFile; fileRef = A1E6EAA31913B5CE00E4F179 /* CALayer+TrAnimateAdditions.m */; };
/* End PBXBuildFile section */

/* Begin PBXCopyFilesBuildPhase section */
		A11C7851178839720000B420 /* CopyFiles */ = {
			isa = PBXCopyFilesBuildPhase;
			buildActionMask = 2147483647;
			dstPath = "include/${PRODUCT_NAME}";
			dstSubfolderSpec = 16;
			files = (
			);
			runOnlyForDeploymentPostprocessing = 0;
		};
/* End PBXCopyFilesBuildPhase section */

/* Begin PBXFileReference section */
		A10A32A718E2DB5B000D4B49 /* TrLayerAnimation.h */ = {isa = PBXFileReference; fileEncoding = 4; lastKnownFileType = sourcecode.c.h; lineEnding = 0; path = TrLayerAnimation.h; sourceTree = "<group>"; xcLanguageSpecificationIdentifier = xcode.lang.objcpp; };
		A10A32A818E2DB5B000D4B49 /* TrLayerAnimation.m */ = {isa = PBXFileReference; fileEncoding = 4; lastKnownFileType = sourcecode.c.objc; lineEnding = 0; path = TrLayerAnimation.m; sourceTree = "<group>"; xcLanguageSpecificationIdentifier = xcode.lang.objc; };
		A10BC9A217883E9800F354FC /* TrAnimate.h */ = {isa = PBXFileReference; lastKnownFileType = sourcecode.c.h; path = TrAnimate.h; sourceTree = "<group>"; };
		A10BC9E017899EF200F354FC /* TrLayerAnimation+Private.h */ = {isa = PBXFileReference; lastKnownFileType = sourcecode.c.h; path = "TrLayerAnimation+Private.h"; sourceTree = "<group>"; };
		A10D78AC19A274C40013E5F5 /* TrAnimatable.h */ = {isa = PBXFileReference; fileEncoding = 4; lastKnownFileType = sourcecode.c.h; lineEnding = 0; path = TrAnimatable.h; sourceTree = "<group>"; xcLanguageSpecificationIdentifier = xcode.lang.objcpp; };
		A10D78D819A279530013E5F5 /* TrCurve.h */ = {isa = PBXFileReference; fileEncoding = 4; lastKnownFileType = sourcecode.c.h; lineEnding = 0; path = TrCurve.h; sourceTree = "<group>"; xcLanguageSpecificationIdentifier = xcode.lang.objcpp; };
		A10D78D919A279530013E5F5 /* TrCurve.m */ = {isa = PBXFileReference; fileEncoding = 4; lastKnownFileType = sourcecode.c.objc; path = TrCurve.m; sourceTree = "<group>"; };
		A1145CE1194EF9F3001B0108 /* TrAnimate.framework */ = {isa = PBXFileReference; explicitFileType = wrapper.framework; includeInIndex = 0; path = TrAnimate.framework; sourceTree = BUILT_PRODUCTS_DIR; };
		A1145CE4194EF9F3001B0108 /* Info.plist */ = {isa = PBXFileReference; lastKnownFileType = text.plist.xml; path = Info.plist; sourceTree = "<group>"; };
		A119305A19B71FAB00AEBE95 /* UIView+TrFadeAnimationAdditions.h */ = {isa = PBXFileReference; fileEncoding = 4; lastKnownFileType = sourcecode.c.h; path = "UIView+TrFadeAnimationAdditions.h"; sourceTree = "<group>"; };
		A119305B19B71FAB00AEBE95 /* UIView+TrFadeAnimationAdditions.m */ = {isa = PBXFileReference; fileEncoding = 4; lastKnownFileType = sourcecode.c.objc; path = "UIView+TrFadeAnimationAdditions.m"; sourceTree = "<group>"; };
		A11C7853178839720000B420 /* libTrAnimate Static.a */ = {isa = PBXFileReference; explicitFileType = archive.ar; includeInIndex = 0; path = "libTrAnimate Static.a"; sourceTree = BUILT_PRODUCTS_DIR; };
		A11C7856178839720000B420 /* Foundation.framework */ = {isa = PBXFileReference; lastKnownFileType = wrapper.framework; name = Foundation.framework; path = System/Library/Frameworks/Foundation.framework; sourceTree = SDKROOT; };
		A11C7867178839FA0000B420 /* TrAnimation.h */ = {isa = PBXFileReference; lastKnownFileType = sourcecode.c.h; lineEnding = 0; path = TrAnimation.h; sourceTree = "<group>"; xcLanguageSpecificationIdentifier = xcode.lang.objcpp; };
		A11C787017883AE60000B420 /* TrPositionAnimation.h */ = {isa = PBXFileReference; fileEncoding = 4; lastKnownFileType = sourcecode.c.h; lineEnding = 0; path = TrPositionAnimation.h; sourceTree = "<group>"; xcLanguageSpecificationIdentifier = xcode.lang.objcpp; };
		A11C787117883AE60000B420 /* TrPositionAnimation.m */ = {isa = PBXFileReference; fileEncoding = 4; lastKnownFileType = sourcecode.c.objc; lineEnding = 0; path = TrPositionAnimation.m; sourceTree = "<group>"; xcLanguageSpecificationIdentifier = xcode.lang.objc; };
		A11C787517883B050000B420 /* TrOpacityAnimation.h */ = {isa = PBXFileReference; lastKnownFileType = sourcecode.c.h; lineEnding = 0; path = TrOpacityAnimation.h; sourceTree = "<group>"; xcLanguageSpecificationIdentifier = xcode.lang.objcpp; };
		A11C787617883B050000B420 /* TrOpacityAnimation.m */ = {isa = PBXFileReference; lastKnownFileType = sourcecode.c.objc; lineEnding = 0; path = TrOpacityAnimation.m; sourceTree = "<group>"; xcLanguageSpecificationIdentifier = xcode.lang.objc; };
		A11C787917883B260000B420 /* TrScaleAnimation.h */ = {isa = PBXFileReference; lastKnownFileType = sourcecode.c.h; lineEnding = 0; path = TrScaleAnimation.h; sourceTree = "<group>"; xcLanguageSpecificationIdentifier = xcode.lang.objcpp; };
		A11C787A17883B260000B420 /* TrScaleAnimation.m */ = {isa = PBXFileReference; lastKnownFileType = sourcecode.c.objc; path = TrScaleAnimation.m; sourceTree = "<group>"; };
		A11C787F17883B430000B420 /* TrRotateAnimation.h */ = {isa = PBXFileReference; lastKnownFileType = sourcecode.c.h; lineEnding = 0; path = TrRotateAnimation.h; sourceTree = "<group>"; xcLanguageSpecificationIdentifier = xcode.lang.objcpp; };
		A11C788017883B430000B420 /* TrRotateAnimation.m */ = {isa = PBXFileReference; lastKnownFileType = sourcecode.c.objc; lineEnding = 0; path = TrRotateAnimation.m; sourceTree = "<group>"; xcLanguageSpecificationIdentifier = xcode.lang.objc; };
		A11C788317883B7D0000B420 /* TrAnimationGroup.h */ = {isa = PBXFileReference; lastKnownFileType = sourcecode.c.h; lineEnding = 0; path = TrAnimationGroup.h; sourceTree = "<group>"; xcLanguageSpecificationIdentifier = xcode.lang.objcpp; };
		A11C788417883B7D0000B420 /* TrAnimationGroup.m */ = {isa = PBXFileReference; lastKnownFileType = sourcecode.c.objc; lineEnding = 0; path = TrAnimationGroup.m; sourceTree = "<group>"; xcLanguageSpecificationIdentifier = xcode.lang.objc; };
		A11C789517883BD20000B420 /* TrBasicAnimation.h */ = {isa = PBXFileReference; fileEncoding = 4; lastKnownFileType = sourcecode.c.h; lineEnding = 0; path = TrBasicAnimation.h; sourceTree = "<group>"; xcLanguageSpecificationIdentifier = xcode.lang.objcpp; };
		A11C789617883BD20000B420 /* TrBasicAnimation.m */ = {isa = PBXFileReference; fileEncoding = 4; lastKnownFileType = sourcecode.c.objc; lineEnding = 0; path = TrBasicAnimation.m; sourceTree = "<group>"; xcLanguageSpecificationIdentifier = xcode.lang.objc; };
		A11C789917883BE70000B420 /* TrInterpolatable.h */ = {isa = PBXFileReference; fileEncoding = 4; lastKnownFileType = sourcecode.c.h; lineEnding = 0; path = TrInterpolatable.h; sourceTree = "<group>"; xcLanguageSpecificationIdentifier = xcode.lang.objcpp; };
		A11C789A17883BE70000B420 /* NSValue+TrAnimateAdditions.h */ = {isa = PBXFileReference; fileEncoding = 4; lastKnownFileType = sourcecode.c.h; lineEnding = 0; path = "NSValue+TrAnimateAdditions.h"; sourceTree = "<group>"; xcLanguageSpecificationIdentifier = xcode.lang.objcpp; };
		A11C789B17883BE70000B420 /* NSValue+TrAnimateAdditions.m */ = {isa = PBXFileReference; fileEncoding = 4; lastKnownFileType = sourcecode.c.objc; lineEnding = 0; path = "NSValue+TrAnimateAdditions.m"; sourceTree = "<group>"; xcLanguageSpecificationIdentifier = xcode.lang.objc; };
		A11C789C17883BE70000B420 /* NSNumber+TrAnimateAdditions.h */ = {isa = PBXFileReference; fileEncoding = 4; lastKnownFileType = sourcecode.c.h; lineEnding = 0; path = "NSNumber+TrAnimateAdditions.h"; sourceTree = "<group>"; xcLanguageSpecificationIdentifier = xcode.lang.objcpp; };
		A11C789D17883BE70000B420 /* NSNumber+TrAnimateAdditions.m */ = {isa = PBXFileReference; fileEncoding = 4; lastKnownFileType = sourcecode.c.objc; lineEnding = 0; path = "NSNumber+TrAnimateAdditions.m"; sourceTree = "<group>"; xcLanguageSpecificationIdentifier = xcode.lang.objc; };
		A11C78A017883C070000B420 /* QuartzCore.framework */ = {isa = PBXFileReference; lastKnownFileType = wrapper.framework; name = QuartzCore.framework; path = System/Library/Frameworks/QuartzCore.framework; sourceTree = SDKROOT; };
		A11C78A217883C120000B420 /* UIKit.framework */ = {isa = PBXFileReference; lastKnownFileType = wrapper.framework; name = UIKit.framework; path = System/Library/Frameworks/UIKit.framework; sourceTree = SDKROOT; };
		A12886FD19B1F4FB0093AD13 /* TrPopInAnimation.h */ = {isa = PBXFileReference; fileEncoding = 4; lastKnownFileType = sourcecode.c.h; path = TrPopInAnimation.h; sourceTree = "<group>"; };
		A12886FE19B1F4FB0093AD13 /* TrPopInAnimation.m */ = {isa = PBXFileReference; fileEncoding = 4; lastKnownFileType = sourcecode.c.objc; path = TrPopInAnimation.m; sourceTree = "<group>"; };
		A162BCEA19B4A16300D5B019 /* UIColor+TrAnimateAdditions.h */ = {isa = PBXFileReference; fileEncoding = 4; lastKnownFileType = sourcecode.c.h; path = "UIColor+TrAnimateAdditions.h"; sourceTree = "<group>"; };
		A162BCEB19B4A16300D5B019 /* UIColor+TrAnimateAdditions.m */ = {isa = PBXFileReference; fileEncoding = 4; lastKnownFileType = sourcecode.c.objc; path = "UIColor+TrAnimateAdditions.m"; sourceTree = "<group>"; };
		A162BCF719B4D5C400D5B019 /* TrMoveInAnimation.h */ = {isa = PBXFileReference; fileEncoding = 4; lastKnownFileType = sourcecode.c.h; lineEnding = 0; path = TrMoveInAnimation.h; sourceTree = "<group>"; xcLanguageSpecificationIdentifier = xcode.lang.objcpp; };
		A162BCF819B4D5C400D5B019 /* TrMoveInAnimation.m */ = {isa = PBXFileReference; fileEncoding = 4; lastKnownFileType = sourcecode.c.objc; path = TrMoveInAnimation.m; sourceTree = "<group>"; };
		A1876C2519A6753300C1639A /* TrFadeAnimation.h */ = {isa = PBXFileReference; fileEncoding = 4; lastKnownFileType = sourcecode.c.h; lineEnding = 0; path = TrFadeAnimation.h; sourceTree = "<group>"; xcLanguageSpecificationIdentifier = xcode.lang.objcpp; };
		A1876C2619A6753300C1639A /* TrFadeAnimation.m */ = {isa = PBXFileReference; fileEncoding = 4; lastKnownFileType = sourcecode.c.objc; path = TrFadeAnimation.m; sourceTree = "<group>"; };
		A1A2E47619B48EE200CEAE48 /* NSObject+TrAnimateAdditions.h */ = {isa = PBXFileReference; fileEncoding = 4; lastKnownFileType = sourcecode.c.h; path = "NSObject+TrAnimateAdditions.h"; sourceTree = "<group>"; };
		A1A2E47719B48EE200CEAE48 /* NSObject+TrAnimateAdditions.m */ = {isa = PBXFileReference; fileEncoding = 4; lastKnownFileType = sourcecode.c.objc; path = "NSObject+TrAnimateAdditions.m"; sourceTree = "<group>"; };
		A1A2E47C19B4998E00CEAE48 /* NSObject+TrAnimationsAddition.h */ = {isa = PBXFileReference; fileEncoding = 4; lastKnownFileType = sourcecode.c.h; path = "NSObject+TrAnimationsAddition.h"; sourceTree = "<group>"; };
		A1A2E47D19B4998E00CEAE48 /* NSObject+TrAnimationsAddition.m */ = {isa = PBXFileReference; fileEncoding = 4; lastKnownFileType = sourcecode.c.objc; path = "NSObject+TrAnimationsAddition.m"; sourceTree = "<group>"; };
		A1E6EA931912D98600E4F179 /* TrDirectAnimation.h */ = {isa = PBXFileReference; fileEncoding = 4; lastKnownFileType = sourcecode.c.h; path = TrDirectAnimation.h; sourceTree = "<group>"; };
		A1E6EA941912D98600E4F179 /* TrDirectAnimation.m */ = {isa = PBXFileReference; fileEncoding = 4; lastKnownFileType = sourcecode.c.objc; path = TrDirectAnimation.m; sourceTree = "<group>"; };
		A1E6EA9F1913B55300E4F179 /* UIView+TrAnimateAdditions.h */ = {isa = PBXFileReference; fileEncoding = 4; lastKnownFileType = sourcecode.c.h; path = "UIView+TrAnimateAdditions.h"; sourceTree = "<group>"; };
		A1E6EAA01913B55300E4F179 /* UIView+TrAnimateAdditions.m */ = {isa = PBXFileReference; fileEncoding = 4; lastKnownFileType = sourcecode.c.objc; path = "UIView+TrAnimateAdditions.m"; sourceTree = "<group>"; };
		A1E6EAA21913B5CE00E4F179 /* CALayer+TrAnimateAdditions.h */ = {isa = PBXFileReference; fileEncoding = 4; lastKnownFileType = sourcecode.c.h; lineEnding = 0; path = "CALayer+TrAnimateAdditions.h"; sourceTree = "<group>"; xcLanguageSpecificationIdentifier = xcode.lang.objcpp; };
		A1E6EAA31913B5CE00E4F179 /* CALayer+TrAnimateAdditions.m */ = {isa = PBXFileReference; fileEncoding = 4; lastKnownFileType = sourcecode.c.objc; path = "CALayer+TrAnimateAdditions.m"; sourceTree = "<group>"; };
/* End PBXFileReference section */

/* Begin PBXFrameworksBuildPhase section */
		A1145CDD194EF9F3001B0108 /* Frameworks */ = {
			isa = PBXFrameworksBuildPhase;
			buildActionMask = 2147483647;
			files = (
			);
			runOnlyForDeploymentPostprocessing = 0;
		};
		A11C7850178839720000B420 /* Frameworks */ = {
			isa = PBXFrameworksBuildPhase;
			buildActionMask = 2147483647;
			files = (
				A11C78A317883C120000B420 /* UIKit.framework in Frameworks */,
				A11C78A117883C070000B420 /* QuartzCore.framework in Frameworks */,
				A11C7857178839720000B420 /* Foundation.framework in Frameworks */,
			);
			runOnlyForDeploymentPostprocessing = 0;
		};
/* End PBXFrameworksBuildPhase section */

/* Begin PBXGroup section */
		A10A32A618E2DB24000D4B49 /* Core Animation Animations */ = {
			isa = PBXGroup;
			children = (
				A1A2E47A19B4921B00CEAE48 /* Additions */,
				A1D5FCDA19ACEA1F00C9EB4B /* Animatable */,
				A1D5FCD519ACE59300C9EB4B /* Animations */,
				A10A32A718E2DB5B000D4B49 /* TrLayerAnimation.h */,
				A10BC9E017899EF200F354FC /* TrLayerAnimation+Private.h */,
				A10A32A818E2DB5B000D4B49 /* TrLayerAnimation.m */,
			);
			name = "Core Animation Animations";
			sourceTree = "<group>";
		};
		A10A32B418E2E646000D4B49 /* Categories */ = {
			isa = PBXGroup;
			children = (
				A119306719B7368400AEBE95 /* UIView */,
				A119306819B7368C00AEBE95 /* CALayer */,
			);
			name = Categories;
			sourceTree = "<group>";
		};
		A119305719B71F8100AEBE95 /* Additions */ = {
			isa = PBXGroup;
			children = (
				A119305819B71F8800AEBE95 /* Categories */,
			);
			name = Additions;
			sourceTree = "<group>";
		};
		A119305819B71F8800AEBE95 /* Categories */ = {
			isa = PBXGroup;
			children = (
				A119306919B7369E00AEBE95 /* UIView */,
			);
			name = Categories;
			sourceTree = "<group>";
		};
		A119306119B7362B00AEBE95 /* NSValue */ = {
			isa = PBXGroup;
			children = (
				A11C789A17883BE70000B420 /* NSValue+TrAnimateAdditions.h */,
				A11C789B17883BE70000B420 /* NSValue+TrAnimateAdditions.m */,
			);
			name = NSValue;
			sourceTree = "<group>";
		};
		A119306219B7363000AEBE95 /* NSNumber */ = {
			isa = PBXGroup;
			children = (
				A11C789C17883BE70000B420 /* NSNumber+TrAnimateAdditions.h */,
				A11C789D17883BE70000B420 /* NSNumber+TrAnimateAdditions.m */,
			);
			name = NSNumber;
			sourceTree = "<group>";
		};
		A119306319B7363800AEBE95 /* UIColor */ = {
			isa = PBXGroup;
			children = (
				A162BCEA19B4A16300D5B019 /* UIColor+TrAnimateAdditions.h */,
				A162BCEB19B4A16300D5B019 /* UIColor+TrAnimateAdditions.m */,
			);
			name = UIColor;
			sourceTree = "<group>";
		};
		A119306419B7365400AEBE95 /* NSObject */ = {
			isa = PBXGroup;
			children = (
				A1A2E47619B48EE200CEAE48 /* NSObject+TrAnimateAdditions.h */,
				A1A2E47719B48EE200CEAE48 /* NSObject+TrAnimateAdditions.m */,
			);
			name = NSObject;
			sourceTree = "<group>";
		};
		A119306519B7366700AEBE95 /* NSObject */ = {
			isa = PBXGroup;
			children = (
				A1A2E47C19B4998E00CEAE48 /* NSObject+TrAnimationsAddition.h */,
				A1A2E47D19B4998E00CEAE48 /* NSObject+TrAnimationsAddition.m */,
			);
			name = NSObject;
			sourceTree = "<group>";
		};
		A119306619B7367600AEBE95 /* CAKeyframeAnimation */ = {
			isa = PBXGroup;
			children = (
				A11C789517883BD20000B420 /* TrBasicAnimation.h */,
				A11C789617883BD20000B420 /* TrBasicAnimation.m */,
			);
			name = CAKeyframeAnimation;
			sourceTree = "<group>";
		};
		A119306719B7368400AEBE95 /* UIView */ = {
			isa = PBXGroup;
			children = (
				A1E6EA9F1913B55300E4F179 /* UIView+TrAnimateAdditions.h */,
				A1E6EAA01913B55300E4F179 /* UIView+TrAnimateAdditions.m */,
			);
			name = UIView;
			sourceTree = "<group>";
		};
		A119306819B7368C00AEBE95 /* CALayer */ = {
			isa = PBXGroup;
			children = (
				A1E6EAA21913B5CE00E4F179 /* CALayer+TrAnimateAdditions.h */,
				A1E6EAA31913B5CE00E4F179 /* CALayer+TrAnimateAdditions.m */,
			);
			name = CALayer;
			sourceTree = "<group>";
		};
		A119306919B7369E00AEBE95 /* UIView */ = {
			isa = PBXGroup;
			children = (
				A119305A19B71FAB00AEBE95 /* UIView+TrFadeAnimationAdditions.h */,
				A119305B19B71FAB00AEBE95 /* UIView+TrFadeAnimationAdditions.m */,
			);
			name = UIView;
			sourceTree = "<group>";
		};
		A11C784A178839720000B420 = {
			isa = PBXGroup;
			children = (
				A11C7858178839720000B420 /* TrAnimate */,
				A11C7859178839720000B420 /* Supporting Files */,
				A11C7855178839720000B420 /* Frameworks */,
				A11C7854178839720000B420 /* Products */,
			);
			sourceTree = "<group>";
			tabWidth = 4;
		};
		A11C7854178839720000B420 /* Products */ = {
			isa = PBXGroup;
			children = (
				A11C7853178839720000B420 /* libTrAnimate Static.a */,
				A1145CE1194EF9F3001B0108 /* TrAnimate.framework */,
			);
			name = Products;
			sourceTree = "<group>";
		};
		A11C7855178839720000B420 /* Frameworks */ = {
			isa = PBXGroup;
			children = (
				A11C7856178839720000B420 /* Foundation.framework */,
				A11C78A217883C120000B420 /* UIKit.framework */,
				A11C78A017883C070000B420 /* QuartzCore.framework */,
			);
			name = Frameworks;
			sourceTree = "<group>";
		};
		A11C7858178839720000B420 /* TrAnimate */ = {
			isa = PBXGroup;
			children = (
				A1A2E47319B48EBB00CEAE48 /* Additions */,
				A1D5FCD619ACE5C700C9EB4B /* Interpolation */,
				A1525C9919A4DD9F00024B4A /* Curvature */,
				A11C788217883B6E0000B420 /* Animation Group */,
				A11C7865178839AC0000B420 /* Animations */,
				A10BC9A217883E9800F354FC /* TrAnimate.h */,
			);
			path = TrAnimate;
			sourceTree = "<group>";
		};
		A11C7859178839720000B420 /* Supporting Files */ = {
			isa = PBXGroup;
			children = (
				A1145CE4194EF9F3001B0108 /* Info.plist */,
			);
			name = "Supporting Files";
			path = TrAnimate;
			sourceTree = "<group>";
		};
		A11C7865178839AC0000B420 /* Animations */ = {
			isa = PBXGroup;
			children = (
				A1A2E48019B4999300CEAE48 /* Additions */,
				A10A32A618E2DB24000D4B49 /* Core Animation Animations */,
				A1E6EA921912D96B00E4F179 /* Direct Animation */,
				A11C7867178839FA0000B420 /* TrAnimation.h */,
			);
			name = Animations;
			sourceTree = "<group>";
		};
		A11C786A17883A0A0000B420 /* Position Animation */ = {
			isa = PBXGroup;
			children = (
				A162BCF619B4D5AE00D5B019 /* Move In Animation */,
				A11C787017883AE60000B420 /* TrPositionAnimation.h */,
				A11C787117883AE60000B420 /* TrPositionAnimation.m */,
			);
			name = "Position Animation";
			sourceTree = "<group>";
		};
		A11C786C17883A180000B420 /* Opacity Animations */ = {
			isa = PBXGroup;
			children = (
				A1876C2A19A6753600C1639A /* Fade */,
				A11C787517883B050000B420 /* TrOpacityAnimation.h */,
				A11C787617883B050000B420 /* TrOpacityAnimation.m */,
			);
			name = "Opacity Animations";
			sourceTree = "<group>";
		};
		A11C786E17883AB70000B420 /* Scale Animation */ = {
			isa = PBXGroup;
			children = (
				A162BD0B19B6242F00D5B019 /* Pop In Animation */,
				A11C787917883B260000B420 /* TrScaleAnimation.h */,
				A11C787A17883B260000B420 /* TrScaleAnimation.m */,
			);
			name = "Scale Animation";
			sourceTree = "<group>";
		};
		A11C786F17883ABF0000B420 /* Rotate Animation */ = {
			isa = PBXGroup;
			children = (
				A11C787F17883B430000B420 /* TrRotateAnimation.h */,
				A11C788017883B430000B420 /* TrRotateAnimation.m */,
			);
			name = "Rotate Animation";
			sourceTree = "<group>";
		};
		A11C788217883B6E0000B420 /* Animation Group */ = {
			isa = PBXGroup;
			children = (
				A11C788317883B7D0000B420 /* TrAnimationGroup.h */,
				A11C788417883B7D0000B420 /* TrAnimationGroup.m */,
			);
			name = "Animation Group";
			sourceTree = "<group>";
		};
		A11C789417883BBE0000B420 /* Custom Classes */ = {
			isa = PBXGroup;
			children = (
				A119306619B7367600AEBE95 /* CAKeyframeAnimation */,
			);
			name = "Custom Classes";
			sourceTree = "<group>";
		};
		A11C789817883BD50000B420 /* Additions */ = {
			isa = PBXGroup;
			children = (
				A1D5FCD819ACE60D00C9EB4B /* Categories */,
			);
			name = Additions;
			sourceTree = "<group>";
		};
		A1525C9919A4DD9F00024B4A /* Curvature */ = {
			isa = PBXGroup;
			children = (
				A10D78D819A279530013E5F5 /* TrCurve.h */,
				A10D78D919A279530013E5F5 /* TrCurve.m */,
			);
			name = Curvature;
			sourceTree = "<group>";
		};
		A162BCF619B4D5AE00D5B019 /* Move In Animation */ = {
			isa = PBXGroup;
			children = (
				A162BCF719B4D5C400D5B019 /* TrMoveInAnimation.h */,
				A162BCF819B4D5C400D5B019 /* TrMoveInAnimation.m */,
			);
			name = "Move In Animation";
			sourceTree = "<group>";
		};
		A162BD0B19B6242F00D5B019 /* Pop In Animation */ = {
			isa = PBXGroup;
			children = (
				A12886FD19B1F4FB0093AD13 /* TrPopInAnimation.h */,
				A12886FE19B1F4FB0093AD13 /* TrPopInAnimation.m */,
			);
			name = "Pop In Animation";
			sourceTree = "<group>";
		};
		A1876C2A19A6753600C1639A /* Fade */ = {
			isa = PBXGroup;
			children = (
				A119305719B71F8100AEBE95 /* Additions */,
				A1876C2519A6753300C1639A /* TrFadeAnimation.h */,
				A1876C2619A6753300C1639A /* TrFadeAnimation.m */,
			);
			name = Fade;
			sourceTree = "<group>";
		};
		A1A2E47319B48EBB00CEAE48 /* Additions */ = {
			isa = PBXGroup;
			children = (
				A1A2E48219B499A700CEAE48 /* Categories */,
			);
			name = Additions;
			sourceTree = "<group>";
		};
		A1A2E47A19B4921B00CEAE48 /* Additions */ = {
			isa = PBXGroup;
			children = (
				A11C789417883BBE0000B420 /* Custom Classes */,
			);
			name = Additions;
			sourceTree = "<group>";
		};
		A1A2E48019B4999300CEAE48 /* Additions */ = {
			isa = PBXGroup;
			children = (
				A1A2E48319B499B200CEAE48 /* Categories */,
			);
			name = Additions;
			sourceTree = "<group>";
		};
		A1A2E48219B499A700CEAE48 /* Categories */ = {
			isa = PBXGroup;
			children = (
				A119306419B7365400AEBE95 /* NSObject */,
			);
			name = Categories;
			sourceTree = "<group>";
		};
		A1A2E48319B499B200CEAE48 /* Categories */ = {
			isa = PBXGroup;
			children = (
				A119306519B7366700AEBE95 /* NSObject */,
			);
			name = Categories;
			sourceTree = "<group>";
		};
		A1D5FCD519ACE59300C9EB4B /* Animations */ = {
			isa = PBXGroup;
			children = (
				A11C786C17883A180000B420 /* Opacity Animations */,
				A11C786A17883A0A0000B420 /* Position Animation */,
				A11C786E17883AB70000B420 /* Scale Animation */,
				A11C786F17883ABF0000B420 /* Rotate Animation */,
			);
			name = Animations;
			sourceTree = "<group>";
		};
		A1D5FCD619ACE5C700C9EB4B /* Interpolation */ = {
			isa = PBXGroup;
			children = (
				A11C789817883BD50000B420 /* Additions */,
				A11C789917883BE70000B420 /* TrInterpolatable.h */,
			);
			name = Interpolation;
			sourceTree = "<group>";
		};
		A1D5FCD819ACE60D00C9EB4B /* Categories */ = {
			isa = PBXGroup;
			children = (
				A119306119B7362B00AEBE95 /* NSValue */,
				A119306219B7363000AEBE95 /* NSNumber */,
				A119306319B7363800AEBE95 /* UIColor */,
			);
			name = Categories;
			sourceTree = "<group>";
		};
		A1D5FCDA19ACEA1F00C9EB4B /* Animatable */ = {
			isa = PBXGroup;
			children = (
				A1D5FCDB19ACEA2A00C9EB4B /* Additions */,
				A10D78AC19A274C40013E5F5 /* TrAnimatable.h */,
			);
			name = Animatable;
			sourceTree = "<group>";
		};
		A1D5FCDB19ACEA2A00C9EB4B /* Additions */ = {
			isa = PBXGroup;
			children = (
				A10A32B418E2E646000D4B49 /* Categories */,
			);
			name = Additions;
			sourceTree = "<group>";
		};
		A1E6EA921912D96B00E4F179 /* Direct Animation */ = {
			isa = PBXGroup;
			children = (
				A1E6EA931912D98600E4F179 /* TrDirectAnimation.h */,
				A1E6EA941912D98600E4F179 /* TrDirectAnimation.m */,
			);
			name = "Direct Animation";
			sourceTree = "<group>";
		};
/* End PBXGroup section */

/* Begin PBXHeadersBuildPhase section */
		A1145CDE194EF9F3001B0108 /* Headers */ = {
			isa = PBXHeadersBuildPhase;
			buildActionMask = 2147483647;
			files = (
				A1876C2719A6753300C1639A /* TrFadeAnimation.h in Headers */,
				A107064E19AFA72700AC7AC3 /* TrBasicAnimation.h in Headers */,
				A1145D18194EFB31001B0108 /* TrDirectAnimation.h in Headers */,
				A1A2E47E19B4998E00CEAE48 /* NSObject+TrAnimationsAddition.h in Headers */,
				A10D78DA19A279530013E5F5 /* TrCurve.h in Headers */,
				A1A2E47819B48EE200CEAE48 /* NSObject+TrAnimateAdditions.h in Headers */,
				A1876C2319A6713100C1639A /* TrInterpolatable.h in Headers */,
				A1145D0F194EFB06001B0108 /* CALayer+TrAnimateAdditions.h in Headers */,
				A162BCF919B4D5C400D5B019 /* TrMoveInAnimation.h in Headers */,
				A1145D15194EFB31001B0108 /* TrScaleAnimation.h in Headers */,
				A1145D13194EFB31001B0108 /* TrOpacityAnimation.h in Headers */,
				A1145D0E194EFB06001B0108 /* UIView+TrAnimateAdditions.h in Headers */,
				A1145D12194EFB31001B0108 /* TrAnimationGroup.h in Headers */,
				A1876C2419A6714200C1639A /* TrAnimatable.h in Headers */,
				A1145D16194EFB31001B0108 /* TrRotateAnimation.h in Headers */,
				A1145D0B194EFAE8001B0108 /* TrAnimate.h in Headers */,
				A1145D19194EFB31001B0108 /* TrAnimation.h in Headers */,
				A162BCEC19B4A16300D5B019 /* UIColor+TrAnimateAdditions.h in Headers */,
				A119305C19B71FAB00AEBE95 /* UIView+TrFadeAnimationAdditions.h in Headers */,
				A1876C2219A6712C00C1639A /* NSNumber+TrAnimateAdditions.h in Headers */,
				A1876C2119A6712800C1639A /* NSValue+TrAnimateAdditions.h in Headers */,
				A1145D14194EFB31001B0108 /* TrPositionAnimation.h in Headers */,
				A1145D17194EFB31001B0108 /* TrLayerAnimation.h in Headers */,
				A12886FF19B1F4FB0093AD13 /* TrPopInAnimation.h in Headers */,
			);
			runOnlyForDeploymentPostprocessing = 0;
		};
/* End PBXHeadersBuildPhase section */

/* Begin PBXNativeTarget section */
		A1145CE0194EF9F3001B0108 /* TrAnimate */ = {
			isa = PBXNativeTarget;
			buildConfigurationList = A1145CF4194EF9F3001B0108 /* Build configuration list for PBXNativeTarget "TrAnimate" */;
			buildPhases = (
				A1145CDC194EF9F3001B0108 /* Sources */,
				A1145CDD194EF9F3001B0108 /* Frameworks */,
				A1145CDE194EF9F3001B0108 /* Headers */,
				A1145CDF194EF9F3001B0108 /* Resources */,
			);
			buildRules = (
			);
			dependencies = (
			);
			name = TrAnimate;
			productName = TrAnimate;
			productReference = A1145CE1194EF9F3001B0108 /* TrAnimate.framework */;
			productType = "com.apple.product-type.framework";
		};
		A11C7852178839720000B420 /* TrAnimate Static */ = {
			isa = PBXNativeTarget;
			buildConfigurationList = A11C7861178839720000B420 /* Build configuration list for PBXNativeTarget "TrAnimate Static" */;
			buildPhases = (
				A11C784F178839720000B420 /* Sources */,
				A11C7850178839720000B420 /* Frameworks */,
				A11C7851178839720000B420 /* CopyFiles */,
			);
			buildRules = (
			);
			dependencies = (
			);
			name = "TrAnimate Static";
			productName = TrAnimate;
			productReference = A11C7853178839720000B420 /* libTrAnimate Static.a */;
			productType = "com.apple.product-type.library.static";
		};
/* End PBXNativeTarget section */

/* Begin PBXProject section */
		A11C784B178839720000B420 /* Project object */ = {
			isa = PBXProject;
			attributes = {
				CLASSPREFIX = Tr;
				LastUpgradeCheck = 0600;
				ORGANIZATIONNAME = Trenskow;
				TargetAttributes = {
					A1076B68199D279D00E452CB = {
						CreatedOnToolsVersion = 6.0;
					};
					A1145CE0194EF9F3001B0108 = {
						CreatedOnToolsVersion = 6.0;
					};
				};
			};
			buildConfigurationList = A11C784E178839720000B420 /* Build configuration list for PBXProject "TrAnimate" */;
			compatibilityVersion = "Xcode 3.2";
			developmentRegion = English;
			hasScannedForEncodings = 0;
			knownRegions = (
				en,
				Base,
			);
			mainGroup = A11C784A178839720000B420;
			productRefGroup = A11C7854178839720000B420 /* Products */;
			projectDirPath = "";
			projectRoot = "";
			targets = (
				A11C7852178839720000B420 /* TrAnimate Static */,
				A1145CE0194EF9F3001B0108 /* TrAnimate */,
				A1076B68199D279D00E452CB /* Documentation */,
			);
		};
/* End PBXProject section */

/* Begin PBXResourcesBuildPhase section */
		A1145CDF194EF9F3001B0108 /* Resources */ = {
			isa = PBXResourcesBuildPhase;
			buildActionMask = 2147483647;
			files = (
			);
			runOnlyForDeploymentPostprocessing = 0;
		};
/* End PBXResourcesBuildPhase section */

/* Begin PBXShellScriptBuildPhase section */
		A1076B6C199D27C100E452CB /* Run Script */ = {
			isa = PBXShellScriptBuildPhase;
			buildActionMask = 2147483647;
			files = (
			);
			inputPaths = (
			);
			name = "Run Script";
			outputPaths = (
			);
			runOnlyForDeploymentPostprocessing = 0;
			shellPath = /bin/sh;
			shellScript = "# Add /usr/local/bin to PATH as it is not included by Xcode.\nPATH=$PATH:/usr/local/bin\n# Check for appledoc availability\nappledoc=`/usr/bin/which appledoc`\nif [ $? -eq 0 ]; then\n    echo $PWD\n    company=\"Trenskow\";\n    companyID=\"com.trenskow.TrAnimate\";\n    companyURL=\"https://github.com/trenskow/TrAnimate\";\n    target=\"iphoneos\";\n    outputPath=\"${PROJECT_DIR}/doc\";\n    $appledoc \\\n    --project-name \"${PROJECT_NAME}\" \\\n    --project-company \"${company}\" \\\n    --company-id \"${companyID}\" \\\n    --docset-atom-filename \"${company}.atom\" \\\n    --docset-feed-url \"${companyURL}/${company}/%DOCSETATOMFILENAME\" \\\n    --docset-package-url \"${companyURL}/${company}/%DOCSETPACKAGEFILENAME\" \\\n    --docset-fallback-url \"${companyURL}/${company}\" \\\n    --output \"${outputPath}\" \\\n    --publish-docset \\\n    --docset-platform-family \"${target}\" \\\n    --logformat xcode \\\n    --keep-intermediate-files \\\n    --no-repeat-first-par \\\n    --warn-invalid-crossref \\\n    --exit-threshold 2 \\\n    --merge-categories \\\n    --keep-merged-sections \\\n    --include \"${PROJECT_DIR}/doc/assets/curves\" \\\n    \"${PROJECT_DIR}\"\nelse\n    echo \"error: appledoc is not installed on the system. To build and install TrAnimate documentation you need appledoc from https://github.com/tomaz/appledoc.\"\n    exit 1\nfi";
		};
/* End PBXShellScriptBuildPhase section */

/* Begin PBXSourcesBuildPhase section */
		A1145CDC194EF9F3001B0108 /* Sources */ = {
			isa = PBXSourcesBuildPhase;
			buildActionMask = 2147483647;
			files = (
				A1145D01194EFA7D001B0108 /* TrAnimationGroup.m in Sources */,
				A1145D08194EFA7D001B0108 /* TrLayerAnimation.m in Sources */,
				A1145D07194EFA7D001B0108 /* TrRotateAnimation.m in Sources */,
				A128870119B1F4FB0093AD13 /* TrPopInAnimation.m in Sources */,
				A1145D05194EFA7D001B0108 /* TrPositionAnimation.m in Sources */,
				A1145D03194EFA7D001B0108 /* CALayer+TrAnimateAdditions.m in Sources */,
				A162BD0419B4DD6E00D5B019 /* TrMoveInAnimation.m in Sources */,
				A1145D02194EFA7D001B0108 /* UIView+TrAnimateAdditions.m in Sources */,
				A1145D06194EFA7D001B0108 /* TrScaleAnimation.m in Sources */,
				A1145CFB194EFA7D001B0108 /* NSValue+TrAnimateAdditions.m in Sources */,
				A162BCED19B4A16300D5B019 /* UIColor+TrAnimateAdditions.m in Sources */,
				A1145CFD194EFA7D001B0108 /* TrBasicAnimation.m in Sources */,
				A1A2E47919B48EE200CEAE48 /* NSObject+TrAnimateAdditions.m in Sources */,
				A10D78DC19A279530013E5F5 /* TrCurve.m in Sources */,
				A1145CFC194EFA7D001B0108 /* NSNumber+TrAnimateAdditions.m in Sources */,
				A1876C2919A6753300C1639A /* TrFadeAnimation.m in Sources */,
				A1145D04194EFA7D001B0108 /* TrOpacityAnimation.m in Sources */,
				A1A2E47F19B4998E00CEAE48 /* NSObject+TrAnimationsAddition.m in Sources */,
				A1145D09194EFA7D001B0108 /* TrDirectAnimation.m in Sources */,
				A119305E19B71FAB00AEBE95 /* UIView+TrFadeAnimationAdditions.m in Sources */,
			);
			runOnlyForDeploymentPostprocessing = 0;
		};
		A11C784F178839720000B420 /* Sources */ = {
			isa = PBXSourcesBuildPhase;
			buildActionMask = 2147483647;
			files = (
				A162BCF019B4B7D500D5B019 /* NSObject+TrAnimationsAddition.m in Sources */,
				A11C787217883AE60000B420 /* TrPositionAnimation.m in Sources */,
				A1E6EAA41913B5CE00E4F179 /* CALayer+TrAnimateAdditions.m in Sources */,
				A11C787B17883B2A0000B420 /* TrOpacityAnimation.m in Sources */,
				A128870019B1F4FB0093AD13 /* TrPopInAnimation.m in Sources */,
				A11C787D17883B2A0000B420 /* TrScaleAnimation.m in Sources */,
				A11C788117883B450000B420 /* TrRotateAnimation.m in Sources */,
				A10A32A918E2DB5B000D4B49 /* TrLayerAnimation.m in Sources */,
				A11C788517883B7F0000B420 /* TrAnimationGroup.m in Sources */,
				A10D78DB19A279530013E5F5 /* TrCurve.m in Sources */,
				A162BCEF19B4B7D200D5B019 /* UIColor+TrAnimateAdditions.m in Sources */,
				A11C789717883BD20000B420 /* TrBasicAnimation.m in Sources */,
				A11C789E17883BE70000B420 /* NSValue+TrAnimateAdditions.m in Sources */,
				A1876C2819A6753300C1639A /* TrFadeAnimation.m in Sources */,
				A162BCFA19B4D5C400D5B019 /* TrMoveInAnimation.m in Sources */,
				A11C789F17883BE70000B420 /* NSNumber+TrAnimateAdditions.m in Sources */,
				A1E6EAA11913B55300E4F179 /* UIView+TrAnimateAdditions.m in Sources */,
				A1E6EA951912D98600E4F179 /* TrDirectAnimation.m in Sources */,
				A162BCEE19B4B7CF00D5B019 /* NSObject+TrAnimateAdditions.m in Sources */,
				A119305D19B71FAB00AEBE95 /* UIView+TrFadeAnimationAdditions.m in Sources */,
			);
			runOnlyForDeploymentPostprocessing = 0;
		};
/* End PBXSourcesBuildPhase section */

/* Begin XCBuildConfiguration section */
		A1076B6A199D279D00E452CB /* Debug */ = {
			isa = XCBuildConfiguration;
			buildSettings = {
				PRODUCT_NAME = "$(TARGET_NAME)";
			};
			name = Debug;
		};
		A1076B6B199D279D00E452CB /* Release */ = {
			isa = XCBuildConfiguration;
			buildSettings = {
				PRODUCT_NAME = "$(TARGET_NAME)";
			};
			name = Release;
		};
		A1145CF5194EF9F3001B0108 /* Debug */ = {
			isa = XCBuildConfiguration;
			buildSettings = {
				APPLICATION_EXTENSION_API_ONLY = NO;
				CLANG_ENABLE_MODULES = YES;
				CLANG_WARN_BOOL_CONVERSION = YES;
				CLANG_WARN_DIRECT_OBJC_ISA_USAGE = YES_ERROR;
				CLANG_WARN_OBJC_ROOT_CLASS = YES_ERROR;
				CLANG_WARN_UNREACHABLE_CODE = YES;
				"CODE_SIGN_IDENTITY[sdk=iphoneos*]" = "iPhone Developer";
				CURRENT_PROJECT_VERSION = 1;
				DEFINES_MODULE = YES;
				DYLIB_COMPATIBILITY_VERSION = 1;
				DYLIB_CURRENT_VERSION = 1;
				DYLIB_INSTALL_NAME_BASE = "@rpath";
				ENABLE_STRICT_OBJC_MSGSEND = YES;
				GCC_PREPROCESSOR_DEFINITIONS = (
					"DEBUG=1",
					"$(inherited)",
				);
				GCC_WARN_64_TO_32_BIT_CONVERSION = YES;
				GCC_WARN_ABOUT_RETURN_TYPE = YES_ERROR;
				GCC_WARN_UNDECLARED_SELECTOR = YES;
				GCC_WARN_UNINITIALIZED_AUTOS = YES_AGGRESSIVE;
				GCC_WARN_UNUSED_FUNCTION = YES;
				INFOPLIST_FILE = TrAnimate/Info.plist;
				INSTALL_PATH = "$(LOCAL_LIBRARY_DIR)/Frameworks";
				IPHONEOS_DEPLOYMENT_TARGET = 8.0;
				LD_RUNPATH_SEARCH_PATHS = "$(inherited) @executable_path/Frameworks @loader_path/Frameworks";
				METAL_ENABLE_DEBUG_INFO = YES;
				PRODUCT_NAME = "$(TARGET_NAME)";
				SKIP_INSTALL = YES;
				SWIFT_OPTIMIZATION_LEVEL = "-Onone";
				TARGETED_DEVICE_FAMILY = "1,2";
				VERSIONING_SYSTEM = "apple-generic";
				VERSION_INFO_PREFIX = "";
			};
			name = Debug;
		};
		A1145CF6194EF9F3001B0108 /* Release */ = {
			isa = XCBuildConfiguration;
			buildSettings = {
				APPLICATION_EXTENSION_API_ONLY = NO;
				CLANG_ENABLE_MODULES = YES;
				CLANG_WARN_BOOL_CONVERSION = YES;
				CLANG_WARN_DIRECT_OBJC_ISA_USAGE = YES_ERROR;
				CLANG_WARN_OBJC_ROOT_CLASS = YES_ERROR;
				CLANG_WARN_UNREACHABLE_CODE = YES;
				"CODE_SIGN_IDENTITY[sdk=iphoneos*]" = "iPhone Developer";
				CURRENT_PROJECT_VERSION = 1;
				DEFINES_MODULE = YES;
				DYLIB_COMPATIBILITY_VERSION = 1;
				DYLIB_CURRENT_VERSION = 1;
				DYLIB_INSTALL_NAME_BASE = "@rpath";
				ENABLE_NS_ASSERTIONS = NO;
				ENABLE_STRICT_OBJC_MSGSEND = YES;
				GCC_WARN_64_TO_32_BIT_CONVERSION = YES;
				GCC_WARN_ABOUT_RETURN_TYPE = YES_ERROR;
				GCC_WARN_UNDECLARED_SELECTOR = YES;
				GCC_WARN_UNINITIALIZED_AUTOS = YES_AGGRESSIVE;
				GCC_WARN_UNUSED_FUNCTION = YES;
				INFOPLIST_FILE = TrAnimate/Info.plist;
				INSTALL_PATH = "$(LOCAL_LIBRARY_DIR)/Frameworks";
				IPHONEOS_DEPLOYMENT_TARGET = 8.0;
				LD_RUNPATH_SEARCH_PATHS = "$(inherited) @executable_path/Frameworks @loader_path/Frameworks";
				METAL_ENABLE_DEBUG_INFO = NO;
				PRODUCT_NAME = "$(TARGET_NAME)";
				SKIP_INSTALL = YES;
				TARGETED_DEVICE_FAMILY = "1,2";
				VERSIONING_SYSTEM = "apple-generic";
				VERSION_INFO_PREFIX = "";
			};
			name = Release;
		};
		A11C785F178839720000B420 /* Debug */ = {
			isa = XCBuildConfiguration;
			buildSettings = {
				ALWAYS_SEARCH_USER_PATHS = NO;
				CLANG_CXX_LANGUAGE_STANDARD = "gnu++0x";
				CLANG_CXX_LIBRARY = "libc++";
				CLANG_ENABLE_OBJC_ARC = YES;
				CLANG_WARN_CONSTANT_CONVERSION = YES;
				CLANG_WARN_EMPTY_BODY = YES;
				CLANG_WARN_ENUM_CONVERSION = YES;
				CLANG_WARN_INT_CONVERSION = YES;
				CLANG_WARN__DUPLICATE_METHOD_MATCH = YES;
				COPY_PHASE_STRIP = NO;
				GCC_C_LANGUAGE_STANDARD = gnu99;
				GCC_DYNAMIC_NO_PIC = NO;
				GCC_OPTIMIZATION_LEVEL = 0;
				GCC_PREPROCESSOR_DEFINITIONS = (
					"DEBUG=1",
					"$(inherited)",
				);
				GCC_SYMBOLS_PRIVATE_EXTERN = NO;
				GCC_WARN_ABOUT_RETURN_TYPE = YES;
				GCC_WARN_UNINITIALIZED_AUTOS = YES;
				GCC_WARN_UNUSED_VARIABLE = YES;
				IPHONEOS_DEPLOYMENT_TARGET = 6.1;
				ONLY_ACTIVE_ARCH = YES;
				SDKROOT = iphoneos;
				SUPPORTED_PLATFORMS = "iphonesimulator iphoneos";
			};
			name = Debug;
		};
		A11C7860178839720000B420 /* Release */ = {
			isa = XCBuildConfiguration;
			buildSettings = {
				ALWAYS_SEARCH_USER_PATHS = NO;
				CLANG_CXX_LANGUAGE_STANDARD = "gnu++0x";
				CLANG_CXX_LIBRARY = "libc++";
				CLANG_ENABLE_OBJC_ARC = YES;
				CLANG_WARN_CONSTANT_CONVERSION = YES;
				CLANG_WARN_EMPTY_BODY = YES;
				CLANG_WARN_ENUM_CONVERSION = YES;
				CLANG_WARN_INT_CONVERSION = YES;
				CLANG_WARN__DUPLICATE_METHOD_MATCH = YES;
				COPY_PHASE_STRIP = YES;
				GCC_C_LANGUAGE_STANDARD = gnu99;
				GCC_WARN_ABOUT_RETURN_TYPE = YES;
				GCC_WARN_UNINITIALIZED_AUTOS = YES;
				GCC_WARN_UNUSED_VARIABLE = YES;
				IPHONEOS_DEPLOYMENT_TARGET = 6.1;
				SDKROOT = iphoneos;
				SUPPORTED_PLATFORMS = "iphonesimulator iphoneos";
				VALIDATE_PRODUCT = YES;
			};
			name = Release;
		};
		A11C7862178839720000B420 /* Debug */ = {
			isa = XCBuildConfiguration;
			buildSettings = {
				ARCHS = (
					"$(ARCHS_STANDARD)",
					armv7s,
				);
				CLANG_ENABLE_MODULES = YES;
				DSTROOT = /tmp/TrAnimate.dst;
				LD_RUNPATH_SEARCH_PATHS = "$(inherited) @executable_path/Frameworks @loader_path/Frameworks";
				OTHER_LDFLAGS = "-ObjC";
				PRODUCT_NAME = "$(TARGET_NAME)";
				SKIP_INSTALL = YES;
				SWIFT_OBJC_BRIDGING_HEADER = "TrAnimate/TrAnimate Static-Bridging-Header.h";
				SWIFT_OPTIMIZATION_LEVEL = "-Onone";
			};
			name = Debug;
		};
		A11C7863178839720000B420 /* Release */ = {
			isa = XCBuildConfiguration;
			buildSettings = {
				ARCHS = (
					"$(ARCHS_STANDARD)",
					armv7s,
				);
				CLANG_ENABLE_MODULES = YES;
				DSTROOT = /tmp/TrAnimate.dst;
				LD_RUNPATH_SEARCH_PATHS = "$(inherited) @executable_path/Frameworks @loader_path/Frameworks";
				OTHER_LDFLAGS = "-ObjC";
				PRODUCT_NAME = "$(TARGET_NAME)";
				SKIP_INSTALL = YES;
				SWIFT_OBJC_BRIDGING_HEADER = "TrAnimate/TrAnimate Static-Bridging-Header.h";
			};
			name = Release;
		};
/* End XCBuildConfiguration section */

/* Begin XCConfigurationList section */
		A1076B69199D279D00E452CB /* Build configuration list for PBXAggregateTarget "Documentation" */ = {
			isa = XCConfigurationList;
			buildConfigurations = (
				A1076B6A199D279D00E452CB /* Debug */,
				A1076B6B199D279D00E452CB /* Release */,
			);
			defaultConfigurationIsVisible = 0;
			defaultConfigurationName = Release;
		};
		A1145CF4194EF9F3001B0108 /* Build configuration list for PBXNativeTarget "TrAnimate" */ = {
			isa = XCConfigurationList;
			buildConfigurations = (
				A1145CF5194EF9F3001B0108 /* Debug */,
				A1145CF6194EF9F3001B0108 /* Release */,
			);
			defaultConfigurationIsVisible = 0;
			defaultConfigurationName = Release;
		};
		A11C784E178839720000B420 /* Build configuration list for PBXProject "TrAnimate" */ = {
			isa = XCConfigurationList;
			buildConfigurations = (
				A11C785F178839720000B420 /* Debug */,
				A11C7860178839720000B420 /* Release */,
			);
			defaultConfigurationIsVisible = 0;
			defaultConfigurationName = Release;
		};
		A11C7861178839720000B420 /* Build configuration list for PBXNativeTarget "TrAnimate Static" */ = {
			isa = XCConfigurationList;
			buildConfigurations = (
				A11C7862178839720000B420 /* Debug */,
				A11C7863178839720000B420 /* Release */,
			);
			defaultConfigurationIsVisible = 0;
			defaultConfigurationName = Release;
		};
/* End XCConfigurationList section */
	};
	rootObject = A11C784B178839720000B420 /* Project object */;
}
